
Microsoft Visual Studio Solution File, Format Version 12.00
# Visual Studio Version 16
Project("{FAE04EC0-301F-11D3-BF4B-00C04F79EFBC}") = "KimeAit.ExampleApi", "KimeAit.Api\KimeAit.Api.csproj", "{09BF1904-0407-43AB-8E0A-86082F614157}"
EndProject
Global
	GlobalSection(SolutionConfigurationPlatforms) = preSolution
		Debug|Any CPU = Debug|Any CPU
		Release|Any CPU = Release|Any CPU
	EndGlobalSection
	GlobalSection(ProjectConfigurationPlatforms) = postSolution
		{09BF1904-0407-43AB-8E0A-86082F614157}.Debug|Any CPU.ActiveCfg = Debug|Any CPU
		{09BF1904-0407-43AB-8E0A-86082F614157}.Debug|Any CPU.Build.0 = Debug|Any CPU
		{09BF1904-0407-43AB-8E0A-86082F614157}.Release|Any CPU.ActiveCfg = Release|Any CPU
		{09BF1904-0407-43AB-8E0A-86082F614157}.Release|Any CPU.Build.0 = Release|Any CPU
	EndGlobalSection
EndGlobal
